
Microsoft Visual Studio Solution File, Format Version 12.00
# Visual Studio Version 16
VisualStudioVersion = 25.0.1704.3
MinimumVisualStudioVersion = 10.0.40219.1
Project("{FAE04EC0-301F-11D3-BF4B-00C04F79EFBC}") = "Lesson15", "Lesson15\Lesson15.csproj", "{7515A730-BC4C-4703-A12E-032B508AD85D}"
EndProject
Project("{FAE04EC0-301F-11D3-BF4B-00C04F79EFBC}") = "Homework15", "Homework15\Homework15.csproj", "{BF2CAA26-9093-49DE-9129-2EBDA512C35F}"
EndProject
Project("{FAE04EC0-301F-11D3-BF4B-00C04F79EFBC}") = "Lesson16", "Lesson16\Lesson16.csproj", "{758D94B6-5D7A-480E-91B2-B94E89E78419}"
EndProject
Project("{FAE04EC0-301F-11D3-BF4B-00C04F79EFBC}") = "Homework16", "Homework16\Homework16.csproj", "{DCB66BD6-F6B7-4F38-8DBC-220483F8171A}"
EndProject
Project("{FAE04EC0-301F-11D3-BF4B-00C04F79EFBC}") = "Homework17", "Homework17\Homework17.csproj", "{AA51C59A-10A9-4AC5-A35A-099DFCD58FCE}"
EndProject
Project("{FAE04EC0-301F-11D3-BF4B-00C04F79EFBC}") = "Lesson18", "Lesson18\Lesson18.csproj", "{98498528-B784-4334-A731-AB3772AEF496}"
EndProject
Project("{FAE04EC0-301F-11D3-BF4B-00C04F79EFBC}") = "Homework18", "Homework18\Homework18.csproj", "{5063ECE5-76F4-4C7E-8233-1D116935F23D}"
EndProject
Project("{FAE04EC0-301F-11D3-BF4B-00C04F79EFBC}") = "Lesson19", "Lesson19\Lesson19.csproj", "{ED713ECC-F93B-47B3-A942-04EC7100E4BA}"
EndProject
Project("{FAE04EC0-301F-11D3-BF4B-00C04F79EFBC}") = "Lesson20", "Lesson20\Lesson20.csproj", "{8800DCFD-CF08-4766-AFA1-A16CF3D58D22}"
EndProject
Project("{FAE04EC0-301F-11D3-BF4B-00C04F79EFBC}") = "Homework19-20", "Homework19-20\Homework19-20.csproj", "{EC5505A5-D2D5-4670-9FD2-5C6430066775}"
EndProject
Project("{FAE04EC0-301F-11D3-BF4B-00C04F79EFBC}") = "Lesson21", "Lesson21\Lesson21.csproj", "{E5071A43-FD02-4E3A-8B98-331004039092}"
EndProject
Global
	GlobalSection(SolutionConfigurationPlatforms) = preSolution
		Debug|Any CPU = Debug|Any CPU
		Release|Any CPU = Release|Any CPU
	EndGlobalSection
	GlobalSection(ProjectConfigurationPlatforms) = postSolution
		{7515A730-BC4C-4703-A12E-032B508AD85D}.Debug|Any CPU.ActiveCfg = Debug|Any CPU
		{7515A730-BC4C-4703-A12E-032B508AD85D}.Debug|Any CPU.Build.0 = Debug|Any CPU
		{7515A730-BC4C-4703-A12E-032B508AD85D}.Release|Any CPU.ActiveCfg = Release|Any CPU
		{7515A730-BC4C-4703-A12E-032B508AD85D}.Release|Any CPU.Build.0 = Release|Any CPU
		{BF2CAA26-9093-49DE-9129-2EBDA512C35F}.Debug|Any CPU.ActiveCfg = Debug|Any CPU
		{BF2CAA26-9093-49DE-9129-2EBDA512C35F}.Debug|Any CPU.Build.0 = Debug|Any CPU
		{BF2CAA26-9093-49DE-9129-2EBDA512C35F}.Release|Any CPU.ActiveCfg = Release|Any CPU
		{BF2CAA26-9093-49DE-9129-2EBDA512C35F}.Release|Any CPU.Build.0 = Release|Any CPU
		{758D94B6-5D7A-480E-91B2-B94E89E78419}.Debug|Any CPU.ActiveCfg = Debug|Any CPU
		{758D94B6-5D7A-480E-91B2-B94E89E78419}.Debug|Any CPU.Build.0 = Debug|Any CPU
		{758D94B6-5D7A-480E-91B2-B94E89E78419}.Release|Any CPU.ActiveCfg = Release|Any CPU
		{758D94B6-5D7A-480E-91B2-B94E89E78419}.Release|Any CPU.Build.0 = Release|Any CPU
		{DCB66BD6-F6B7-4F38-8DBC-220483F8171A}.Debug|Any CPU.ActiveCfg = Debug|Any CPU
		{DCB66BD6-F6B7-4F38-8DBC-220483F8171A}.Debug|Any CPU.Build.0 = Debug|Any CPU
		{DCB66BD6-F6B7-4F38-8DBC-220483F8171A}.Release|Any CPU.ActiveCfg = Release|Any CPU
		{DCB66BD6-F6B7-4F38-8DBC-220483F8171A}.Release|Any CPU.Build.0 = Release|Any CPU
		{AA51C59A-10A9-4AC5-A35A-099DFCD58FCE}.Debug|Any CPU.ActiveCfg = Debug|Any CPU
		{AA51C59A-10A9-4AC5-A35A-099DFCD58FCE}.Debug|Any CPU.Build.0 = Debug|Any CPU
		{AA51C59A-10A9-4AC5-A35A-099DFCD58FCE}.Release|Any CPU.ActiveCfg = Release|Any CPU
		{AA51C59A-10A9-4AC5-A35A-099DFCD58FCE}.Release|Any CPU.Build.0 = Release|Any CPU
		{98498528-B784-4334-A731-AB3772AEF496}.Debug|Any CPU.ActiveCfg = Debug|Any CPU
		{98498528-B784-4334-A731-AB3772AEF496}.Debug|Any CPU.Build.0 = Debug|Any CPU
		{98498528-B784-4334-A731-AB3772AEF496}.Release|Any CPU.ActiveCfg = Release|Any CPU
		{98498528-B784-4334-A731-AB3772AEF496}.Release|Any CPU.Build.0 = Release|Any CPU
		{5063ECE5-76F4-4C7E-8233-1D116935F23D}.Debug|Any CPU.ActiveCfg = Debug|Any CPU
		{5063ECE5-76F4-4C7E-8233-1D116935F23D}.Debug|Any CPU.Build.0 = Debug|Any CPU
		{5063ECE5-76F4-4C7E-8233-1D116935F23D}.Release|Any CPU.ActiveCfg = Release|Any CPU
		{5063ECE5-76F4-4C7E-8233-1D116935F23D}.Release|Any CPU.Build.0 = Release|Any CPU
		{ED713ECC-F93B-47B3-A942-04EC7100E4BA}.Debug|Any CPU.ActiveCfg = Debug|Any CPU
		{ED713ECC-F93B-47B3-A942-04EC7100E4BA}.Debug|Any CPU.Build.0 = Debug|Any CPU
		{ED713ECC-F93B-47B3-A942-04EC7100E4BA}.Release|Any CPU.ActiveCfg = Release|Any CPU
		{ED713ECC-F93B-47B3-A942-04EC7100E4BA}.Release|Any CPU.Build.0 = Release|Any CPU
		{8800DCFD-CF08-4766-AFA1-A16CF3D58D22}.Debug|Any CPU.ActiveCfg = Debug|Any CPU
		{8800DCFD-CF08-4766-AFA1-A16CF3D58D22}.Debug|Any CPU.Build.0 = Debug|Any CPU
		{8800DCFD-CF08-4766-AFA1-A16CF3D58D22}.Release|Any CPU.ActiveCfg = Release|Any CPU
		{8800DCFD-CF08-4766-AFA1-A16CF3D58D22}.Release|Any CPU.Build.0 = Release|Any CPU
		{EC5505A5-D2D5-4670-9FD2-5C6430066775}.Debug|Any CPU.ActiveCfg = Debug|Any CPU
		{EC5505A5-D2D5-4670-9FD2-5C6430066775}.Debug|Any CPU.Build.0 = Debug|Any CPU
		{EC5505A5-D2D5-4670-9FD2-5C6430066775}.Release|Any CPU.ActiveCfg = Release|Any CPU
		{EC5505A5-D2D5-4670-9FD2-5C6430066775}.Release|Any CPU.Build.0 = Release|Any CPU
		{E5071A43-FD02-4E3A-8B98-331004039092}.Debug|Any CPU.ActiveCfg = Debug|Any CPU
		{E5071A43-FD02-4E3A-8B98-331004039092}.Debug|Any CPU.Build.0 = Debug|Any CPU
		{E5071A43-FD02-4E3A-8B98-331004039092}.Release|Any CPU.ActiveCfg = Release|Any CPU
		{E5071A43-FD02-4E3A-8B98-331004039092}.Release|Any CPU.Build.0 = Release|Any CPU
	EndGlobalSection
	GlobalSection(SolutionProperties) = preSolution
		HideSolutionNode = FALSE
	EndGlobalSection
	GlobalSection(ExtensibilityGlobals) = postSolution
		SolutionGuid = {62F305DA-1C3B-4448-9109-1255DDF8B33B}
	EndGlobalSection
EndGlobal
